
Microsoft Visual Studio Solution File, Format Version 12.00
# Visual Studio 2013
Project("{FAE04EC0-301F-11D3-BF4B-00C04F79EFBC}") = "UnityVS.RoomGenerator.CSharp", "UnityVS.RoomGenerator.CSharp.csproj", "{EFD71FDB-4E34-E1FE-61D6-A74B933539C3}"
EndProject
Global
	GlobalSection(SolutionConfigurationPlatforms) = preSolution
		Debug|Any CPU = Debug|Any CPU
		Release|Any CPU = Release|Any CPU
	EndGlobalSection
	GlobalSection(ProjectConfigurationPlatforms) = postSolution
		{EFD71FDB-4E34-E1FE-61D6-A74B933539C3}.Debug|Any CPU.ActiveCfg = Debug|Any CPU
		{EFD71FDB-4E34-E1FE-61D6-A74B933539C3}.Debug|Any CPU.Build.0 = Debug|Any CPU
		{EFD71FDB-4E34-E1FE-61D6-A74B933539C3}.Release|Any CPU.ActiveCfg = Release|Any CPU
		{EFD71FDB-4E34-E1FE-61D6-A74B933539C3}.Release|Any CPU.Build.0 = Release|Any CPU
	EndGlobalSection
	GlobalSection(SolutionProperties) = preSolution
		HideSolutionNode = FALSE
	EndGlobalSection
EndGlobal
